// !$*UTF8*$!
{
	archiveVersion = 1;
	classes = {
	};
	objectVersion = 46;
	objects = {

/* Begin PBXBuildFile section */
		19395041E6B91475D0BCDDFC /* Pods_TwitterDemoTests.framework in Frameworks */ = {isa = PBXBuildFile; fileRef = ABFF826BBB0F9A21DA9FC76F /* Pods_TwitterDemoTests.framework */; };
		472E1D281E64D95E00340005 /* AppDelegate.swift in Sources */ = {isa = PBXBuildFile; fileRef = 472E1D271E64D95E00340005 /* AppDelegate.swift */; };
		472E1D2A1E64D95E00340005 /* ViewController.swift in Sources */ = {isa = PBXBuildFile; fileRef = 472E1D291E64D95E00340005 /* ViewController.swift */; };
		472E1D2D1E64D95E00340005 /* Main.storyboard in Resources */ = {isa = PBXBuildFile; fileRef = 472E1D2B1E64D95E00340005 /* Main.storyboard */; };
		472E1D2F1E64D95E00340005 /* Assets.xcassets in Resources */ = {isa = PBXBuildFile; fileRef = 472E1D2E1E64D95E00340005 /* Assets.xcassets */; };
		472E1D321E64D95E00340005 /* LaunchScreen.storyboard in Resources */ = {isa = PBXBuildFile; fileRef = 472E1D301E64D95E00340005 /* LaunchScreen.storyboard */; };
		472E1D3D1E64D95E00340005 /* TwitterDemoTests.swift in Sources */ = {isa = PBXBuildFile; fileRef = 472E1D3C1E64D95E00340005 /* TwitterDemoTests.swift */; };
		472E1D481E64D95E00340005 /* TwitterDemoUITests.swift in Sources */ = {isa = PBXBuildFile; fileRef = 472E1D471E64D95E00340005 /* TwitterDemoUITests.swift */; };
		8A3E73148B867D6817C4A09F /* Pods_TwitterDemo.framework in Frameworks */ = {isa = PBXBuildFile; fileRef = 1003F9E96FFBA4FDC64C1601 /* Pods_TwitterDemo.framework */; };
		D5FDF340326B74BAF9DD01DC /* Pods_TwitterDemoUITests.framework in Frameworks */ = {isa = PBXBuildFile; fileRef = C51BE96E7EDF6A303F8880F9 /* Pods_TwitterDemoUITests.framework */; };
/* End PBXBuildFile section */

/* Begin PBXContainerItemProxy section */
		472E1D391E64D95E00340005 /* PBXContainerItemProxy */ = {
			isa = PBXContainerItemProxy;
			containerPortal = 472E1D1C1E64D95D00340005 /* Project object */;
			proxyType = 1;
			remoteGlobalIDString = 472E1D231E64D95D00340005;
			remoteInfo = TwitterDemo;
		};
		472E1D441E64D95E00340005 /* PBXContainerItemProxy */ = {
			isa = PBXContainerItemProxy;
			containerPortal = 472E1D1C1E64D95D00340005 /* Project object */;
			proxyType = 1;
			remoteGlobalIDString = 472E1D231E64D95D00340005;
			remoteInfo = TwitterDemo;
		};
/* End PBXContainerItemProxy section */

/* Begin PBXFileReference section */
		065CBEAFFC4FD7FB8EEC352C /* Pods-TwitterDemo.release.xcconfig */ = {isa = PBXFileReference; includeInIndex = 1; lastKnownFileType = text.xcconfig; name = "Pods-TwitterDemo.release.xcconfig"; path = "Pods/Target Support Files/Pods-TwitterDemo/Pods-TwitterDemo.release.xcconfig"; sourceTree = "<group>"; };
		1003F9E96FFBA4FDC64C1601 /* Pods_TwitterDemo.framework */ = {isa = PBXFileReference; explicitFileType = wrapper.framework; includeInIndex = 0; path = Pods_TwitterDemo.framework; sourceTree = BUILT_PRODUCTS_DIR; };
		356C8521BB176CC440536BD2 /* Pods-TwitterDemoUITests.release.xcconfig */ = {isa = PBXFileReference; includeInIndex = 1; lastKnownFileType = text.xcconfig; name = "Pods-TwitterDemoUITests.release.xcconfig"; path = "Pods/Target Support Files/Pods-TwitterDemoUITests/Pods-TwitterDemoUITests.release.xcconfig"; sourceTree = "<group>"; };
		472E1D241E64D95E00340005 /* TwitterDemo.app */ = {isa = PBXFileReference; explicitFileType = wrapper.application; includeInIndex = 0; path = TwitterDemo.app; sourceTree = BUILT_PRODUCTS_DIR; };
		472E1D271E64D95E00340005 /* AppDelegate.swift */ = {isa = PBXFileReference; lastKnownFileType = sourcecode.swift; path = AppDelegate.swift; sourceTree = "<group>"; };
		472E1D291E64D95E00340005 /* ViewController.swift */ = {isa = PBXFileReference; lastKnownFileType = sourcecode.swift; path = ViewController.swift; sourceTree = "<group>"; };
		472E1D2C1E64D95E00340005 /* Base */ = {isa = PBXFileReference; lastKnownFileType = file.storyboard; name = Base; path = Base.lproj/Main.storyboard; sourceTree = "<group>"; };
		472E1D2E1E64D95E00340005 /* Assets.xcassets */ = {isa = PBXFileReference; lastKnownFileType = folder.assetcatalog; path = Assets.xcassets; sourceTree = "<group>"; };
		472E1D311E64D95E00340005 /* Base */ = {isa = PBXFileReference; lastKnownFileType = file.storyboard; name = Base; path = Base.lproj/LaunchScreen.storyboard; sourceTree = "<group>"; };
		472E1D331E64D95E00340005 /* Info.plist */ = {isa = PBXFileReference; lastKnownFileType = text.plist.xml; path = Info.plist; sourceTree = "<group>"; };
		472E1D381E64D95E00340005 /* TwitterDemoTests.xctest */ = {isa = PBXFileReference; explicitFileType = wrapper.cfbundle; includeInIndex = 0; path = TwitterDemoTests.xctest; sourceTree = BUILT_PRODUCTS_DIR; };
		472E1D3C1E64D95E00340005 /* TwitterDemoTests.swift */ = {isa = PBXFileReference; lastKnownFileType = sourcecode.swift; path = TwitterDemoTests.swift; sourceTree = "<group>"; };
		472E1D3E1E64D95E00340005 /* Info.plist */ = {isa = PBXFileReference; lastKnownFileType = text.plist.xml; path = Info.plist; sourceTree = "<group>"; };
		472E1D431E64D95E00340005 /* TwitterDemoUITests.xctest */ = {isa = PBXFileReference; explicitFileType = wrapper.cfbundle; includeInIndex = 0; path = TwitterDemoUITests.xctest; sourceTree = BUILT_PRODUCTS_DIR; };
		472E1D471E64D95E00340005 /* TwitterDemoUITests.swift */ = {isa = PBXFileReference; lastKnownFileType = sourcecode.swift; path = TwitterDemoUITests.swift; sourceTree = "<group>"; };
		472E1D491E64D95E00340005 /* Info.plist */ = {isa = PBXFileReference; lastKnownFileType = text.plist.xml; path = Info.plist; sourceTree = "<group>"; };
		57A41D1292AD6B268CF45B69 /* Pods-TwitterDemoTests.release.xcconfig */ = {isa = PBXFileReference; includeInIndex = 1; lastKnownFileType = text.xcconfig; name = "Pods-TwitterDemoTests.release.xcconfig"; path = "Pods/Target Support Files/Pods-TwitterDemoTests/Pods-TwitterDemoTests.release.xcconfig"; sourceTree = "<group>"; };
		80947D2F8652B5628C1C7488 /* Pods-TwitterDemo.debug.xcconfig */ = {isa = PBXFileReference; includeInIndex = 1; lastKnownFileType = text.xcconfig; name = "Pods-TwitterDemo.debug.xcconfig"; path = "Pods/Target Support Files/Pods-TwitterDemo/Pods-TwitterDemo.debug.xcconfig"; sourceTree = "<group>"; };
		96900883B191E94F2DE33598 /* Pods-TwitterDemoTests.debug.xcconfig */ = {isa = PBXFileReference; includeInIndex = 1; lastKnownFileType = text.xcconfig; name = "Pods-TwitterDemoTests.debug.xcconfig"; path = "Pods/Target Support Files/Pods-TwitterDemoTests/Pods-TwitterDemoTests.debug.xcconfig"; sourceTree = "<group>"; };
		ABFF826BBB0F9A21DA9FC76F /* Pods_TwitterDemoTests.framework */ = {isa = PBXFileReference; explicitFileType = wrapper.framework; includeInIndex = 0; path = Pods_TwitterDemoTests.framework; sourceTree = BUILT_PRODUCTS_DIR; };
		AF1628BD9253F7C2951487B1 /* Pods-TwitterDemoUITests.debug.xcconfig */ = {isa = PBXFileReference; includeInIndex = 1; lastKnownFileType = text.xcconfig; name = "Pods-TwitterDemoUITests.debug.xcconfig"; path = "Pods/Target Support Files/Pods-TwitterDemoUITests/Pods-TwitterDemoUITests.debug.xcconfig"; sourceTree = "<group>"; };
		C51BE96E7EDF6A303F8880F9 /* Pods_TwitterDemoUITests.framework */ = {isa = PBXFileReference; explicitFileType = wrapper.framework; includeInIndex = 0; path = Pods_TwitterDemoUITests.framework; sourceTree = BUILT_PRODUCTS_DIR; };
/* End PBXFileReference section */

/* Begin PBXFrameworksBuildPhase section */
		472E1D211E64D95D00340005 /* Frameworks */ = {
			isa = PBXFrameworksBuildPhase;
			buildActionMask = 2147483647;
			files = (
				8A3E73148B867D6817C4A09F /* Pods_TwitterDemo.framework in Frameworks */,
			);
			runOnlyForDeploymentPostprocessing = 0;
		};
		472E1D351E64D95E00340005 /* Frameworks */ = {
			isa = PBXFrameworksBuildPhase;
			buildActionMask = 2147483647;
			files = (
				19395041E6B91475D0BCDDFC /* Pods_TwitterDemoTests.framework in Frameworks */,
			);
			runOnlyForDeploymentPostprocessing = 0;
		};
		472E1D401E64D95E00340005 /* Frameworks */ = {
			isa = PBXFrameworksBuildPhase;
			buildActionMask = 2147483647;
			files = (
				D5FDF340326B74BAF9DD01DC /* Pods_TwitterDemoUITests.framework in Frameworks */,
			);
			runOnlyForDeploymentPostprocessing = 0;
		};
/* End PBXFrameworksBuildPhase section */

/* Begin PBXGroup section */
		472E1D1B1E64D95D00340005 = {
			isa = PBXGroup;
			children = (
				472E1D261E64D95E00340005 /* TwitterDemo */,
				472E1D3B1E64D95E00340005 /* TwitterDemoTests */,
				472E1D461E64D95E00340005 /* TwitterDemoUITests */,
				472E1D251E64D95E00340005 /* Products */,
				8059BD11E1FDAF9A1DFD6773 /* Pods */,
				AF055CAC0DF46752550E00CE /* Frameworks */,
			);
			sourceTree = "<group>";
		};
		472E1D251E64D95E00340005 /* Products */ = {
			isa = PBXGroup;
			children = (
				472E1D241E64D95E00340005 /* TwitterDemo.app */,
				472E1D381E64D95E00340005 /* TwitterDemoTests.xctest */,
				472E1D431E64D95E00340005 /* TwitterDemoUITests.xctest */,
			);
			name = Products;
			sourceTree = "<group>";
		};
		472E1D261E64D95E00340005 /* TwitterDemo */ = {
			isa = PBXGroup;
			children = (
				472E1D271E64D95E00340005 /* AppDelegate.swift */,
				472E1D291E64D95E00340005 /* ViewController.swift */,
				472E1D2B1E64D95E00340005 /* Main.storyboard */,
				472E1D2E1E64D95E00340005 /* Assets.xcassets */,
				472E1D301E64D95E00340005 /* LaunchScreen.storyboard */,
				472E1D331E64D95E00340005 /* Info.plist */,
			);
			path = TwitterDemo;
			sourceTree = "<group>";
		};
		472E1D3B1E64D95E00340005 /* TwitterDemoTests */ = {
			isa = PBXGroup;
			children = (
				472E1D3C1E64D95E00340005 /* TwitterDemoTests.swift */,
				472E1D3E1E64D95E00340005 /* Info.plist */,
			);
			path = TwitterDemoTests;
			sourceTree = "<group>";
		};
		472E1D461E64D95E00340005 /* TwitterDemoUITests */ = {
			isa = PBXGroup;
			children = (
				472E1D471E64D95E00340005 /* TwitterDemoUITests.swift */,
				472E1D491E64D95E00340005 /* Info.plist */,
			);
			path = TwitterDemoUITests;
			sourceTree = "<group>";
		};
		8059BD11E1FDAF9A1DFD6773 /* Pods */ = {
			isa = PBXGroup;
			children = (
				80947D2F8652B5628C1C7488 /* Pods-TwitterDemo.debug.xcconfig */,
				065CBEAFFC4FD7FB8EEC352C /* Pods-TwitterDemo.release.xcconfig */,
				96900883B191E94F2DE33598 /* Pods-TwitterDemoTests.debug.xcconfig */,
				57A41D1292AD6B268CF45B69 /* Pods-TwitterDemoTests.release.xcconfig */,
				AF1628BD9253F7C2951487B1 /* Pods-TwitterDemoUITests.debug.xcconfig */,
				356C8521BB176CC440536BD2 /* Pods-TwitterDemoUITests.release.xcconfig */,
			);
			name = Pods;
			sourceTree = "<group>";
		};
		AF055CAC0DF46752550E00CE /* Frameworks */ = {
			isa = PBXGroup;
			children = (
				1003F9E96FFBA4FDC64C1601 /* Pods_TwitterDemo.framework */,
				ABFF826BBB0F9A21DA9FC76F /* Pods_TwitterDemoTests.framework */,
				C51BE96E7EDF6A303F8880F9 /* Pods_TwitterDemoUITests.framework */,
			);
			name = Frameworks;
			sourceTree = "<group>";
		};
/* End PBXGroup section */

/* Begin PBXNativeTarget section */
		472E1D231E64D95D00340005 /* TwitterDemo */ = {
			isa = PBXNativeTarget;
			buildConfigurationList = 472E1D4C1E64D95E00340005 /* Build configuration list for PBXNativeTarget "TwitterDemo" */;
			buildPhases = (
				6552C16B99FCBDF96F4BC1E2 /* [CP] Check Pods Manifest.lock */,
				472E1D201E64D95D00340005 /* Sources */,
				472E1D211E64D95D00340005 /* Frameworks */,
				472E1D221E64D95D00340005 /* Resources */,
				CE38C75C63FBAB6B31C70540 /* [CP] Embed Pods Frameworks */,
				12BE85815B84F259CB13FA03 /* [CP] Copy Pods Resources */,
			);
			buildRules = (
			);
			dependencies = (
			);
			name = TwitterDemo;
			productName = TwitterDemo;
			productReference = 472E1D241E64D95E00340005 /* TwitterDemo.app */;
			productType = "com.apple.product-type.application";
		};
		472E1D371E64D95E00340005 /* TwitterDemoTests */ = {
			isa = PBXNativeTarget;
			buildConfigurationList = 472E1D4F1E64D95E00340005 /* Build configuration list for PBXNativeTarget "TwitterDemoTests" */;
			buildPhases = (
				5D454DB26ED1669122869E34 /* [CP] Check Pods Manifest.lock */,
				472E1D341E64D95E00340005 /* Sources */,
				472E1D351E64D95E00340005 /* Frameworks */,
				472E1D361E64D95E00340005 /* Resources */,
				63346FC9EC9CE33CF56599B7 /* [CP] Embed Pods Frameworks */,
				0FCD7633C411BE5555B6D379 /* [CP] Copy Pods Resources */,
			);
			buildRules = (
			);
			dependencies = (
				472E1D3A1E64D95E00340005 /* PBXTargetDependency */,
			);
			name = TwitterDemoTests;
			productName = TwitterDemoTests;
			productReference = 472E1D381E64D95E00340005 /* TwitterDemoTests.xctest */;
			productType = "com.apple.product-type.bundle.unit-test";
		};
		472E1D421E64D95E00340005 /* TwitterDemoUITests */ = {
			isa = PBXNativeTarget;
			buildConfigurationList = 472E1D521E64D95E00340005 /* Build configuration list for PBXNativeTarget "TwitterDemoUITests" */;
			buildPhases = (
				74D28421F0C8FA3F2AEC16D2 /* [CP] Check Pods Manifest.lock */,
				472E1D3F1E64D95E00340005 /* Sources */,
				472E1D401E64D95E00340005 /* Frameworks */,
				472E1D411E64D95E00340005 /* Resources */,
				D01D25A108BCC62E2C1AD460 /* [CP] Embed Pods Frameworks */,
				5C1FC05C891114C5484771D2 /* [CP] Copy Pods Resources */,
			);
			buildRules = (
			);
			dependencies = (
				472E1D451E64D95E00340005 /* PBXTargetDependency */,
			);
			name = TwitterDemoUITests;
			productName = TwitterDemoUITests;
			productReference = 472E1D431E64D95E00340005 /* TwitterDemoUITests.xctest */;
			productType = "com.apple.product-type.bundle.ui-testing";
		};
/* End PBXNativeTarget section */

/* Begin PBXProject section */
		472E1D1C1E64D95D00340005 /* Project object */ = {
			isa = PBXProject;
			attributes = {
				LastSwiftUpdateCheck = 0820;
				LastUpgradeCheck = 0820;
				ORGANIZATIONNAME = "Arnav Jain";
				TargetAttributes = {
					472E1D231E64D95D00340005 = {
						CreatedOnToolsVersion = 8.2.1;
						DevelopmentTeam = TSCDBQM29F;
						ProvisioningStyle = Automatic;
					};
					472E1D371E64D95E00340005 = {
						CreatedOnToolsVersion = 8.2.1;
						ProvisioningStyle = Automatic;
						TestTargetID = 472E1D231E64D95D00340005;
					};
					472E1D421E64D95E00340005 = {
						CreatedOnToolsVersion = 8.2.1;
						ProvisioningStyle = Automatic;
						TestTargetID = 472E1D231E64D95D00340005;
					};
				};
			};
			buildConfigurationList = 472E1D1F1E64D95D00340005 /* Build configuration list for PBXProject "TwitterDemo" */;
			compatibilityVersion = "Xcode 3.2";
			developmentRegion = English;
			hasScannedForEncodings = 0;
			knownRegions = (
				en,
				Base,
			);
			mainGroup = 472E1D1B1E64D95D00340005;
			productRefGroup = 472E1D251E64D95E00340005 /* Products */;
			projectDirPath = "";
			projectRoot = "";
			targets = (
				472E1D231E64D95D00340005 /* TwitterDemo */,
				472E1D371E64D95E00340005 /* TwitterDemoTests */,
				472E1D421E64D95E00340005 /* TwitterDemoUITests */,
			);
		};
/* End PBXProject section */

/* Begin PBXResourcesBuildPhase section */
		472E1D221E64D95D00340005 /* Resources */ = {
			isa = PBXResourcesBuildPhase;
			buildActionMask = 2147483647;
			files = (
				472E1D321E64D95E00340005 /* LaunchScreen.storyboard in Resources */,
				472E1D2F1E64D95E00340005 /* Assets.xcassets in Resources */,
				472E1D2D1E64D95E00340005 /* Main.storyboard in Resources */,
			);
			runOnlyForDeploymentPostprocessing = 0;
		};
		472E1D361E64D95E00340005 /* Resources */ = {
			isa = PBXResourcesBuildPhase;
			buildActionMask = 2147483647;
			files = (
			);
			runOnlyForDeploymentPostprocessing = 0;
		};
		472E1D411E64D95E00340005 /* Resources */ = {
			isa = PBXResourcesBuildPhase;
			buildActionMask = 2147483647;
			files = (
			);
			runOnlyForDeploymentPostprocessing = 0;
		};
/* End PBXResourcesBuildPhase section */

/* Begin PBXShellScriptBuildPhase section */
		0FCD7633C411BE5555B6D379 /* [CP] Copy Pods Resources */ = {
			isa = PBXShellScriptBuildPhase;
			buildActionMask = 2147483647;
			files = (
			);
			inputPaths = (
			);
			name = "[CP] Copy Pods Resources";
			outputPaths = (
			);
			runOnlyForDeploymentPostprocessing = 0;
			shellPath = /bin/sh;
			shellScript = "\"${SRCROOT}/Pods/Target Support Files/Pods-TwitterDemoTests/Pods-TwitterDemoTests-resources.sh\"\n";
			showEnvVarsInLog = 0;
		};
		12BE85815B84F259CB13FA03 /* [CP] Copy Pods Resources */ = {
			isa = PBXShellScriptBuildPhase;
			buildActionMask = 2147483647;
			files = (
			);
			inputPaths = (
			);
			name = "[CP] Copy Pods Resources";
			outputPaths = (
			);
			runOnlyForDeploymentPostprocessing = 0;
			shellPath = /bin/sh;
			shellScript = "\"${SRCROOT}/Pods/Target Support Files/Pods-TwitterDemo/Pods-TwitterDemo-resources.sh\"\n";
			showEnvVarsInLog = 0;
		};
		5C1FC05C891114C5484771D2 /* [CP] Copy Pods Resources */ = {
			isa = PBXShellScriptBuildPhase;
			buildActionMask = 2147483647;
			files = (
			);
			inputPaths = (
			);
			name = "[CP] Copy Pods Resources";
			outputPaths = (
			);
			runOnlyForDeploymentPostprocessing = 0;
			shellPath = /bin/sh;
			shellScript = "\"${SRCROOT}/Pods/Target Support Files/Pods-TwitterDemoUITests/Pods-TwitterDemoUITests-resources.sh\"\n";
			showEnvVarsInLog = 0;
		};
		5D454DB26ED1669122869E34 /* [CP] Check Pods Manifest.lock */ = {
			isa = PBXShellScriptBuildPhase;
			buildActionMask = 2147483647;
			files = (
			);
			inputPaths = (
			);
			name = "[CP] Check Pods Manifest.lock";
			outputPaths = (
			);
			runOnlyForDeploymentPostprocessing = 0;
			shellPath = /bin/sh;
			shellScript = "diff \"${PODS_ROOT}/../Podfile.lock\" \"${PODS_ROOT}/Manifest.lock\" > /dev/null\nif [ $? != 0 ] ; then\n    # print error to STDERR\n    echo \"error: The sandbox is not in sync with the Podfile.lock. Run 'pod install' or update your CocoaPods installation.\" >&2\n    exit 1\nfi\n";
			showEnvVarsInLog = 0;
		};
		63346FC9EC9CE33CF56599B7 /* [CP] Embed Pods Frameworks */ = {
			isa = PBXShellScriptBuildPhase;
			buildActionMask = 2147483647;
			files = (
			);
			inputPaths = (
			);
			name = "[CP] Embed Pods Frameworks";
			outputPaths = (
			);
			runOnlyForDeploymentPostprocessing = 0;
			shellPath = /bin/sh;
			shellScript = "\"${SRCROOT}/Pods/Target Support Files/Pods-TwitterDemoTests/Pods-TwitterDemoTests-frameworks.sh\"\n";
			showEnvVarsInLog = 0;
		};
		6552C16B99FCBDF96F4BC1E2 /* [CP] Check Pods Manifest.lock */ = {
			isa = PBXShellScriptBuildPhase;
			buildActionMask = 2147483647;
			files = (
			);
			inputPaths = (
			);
			name = "[CP] Check Pods Manifest.lock";
			outputPaths = (
			);
			runOnlyForDeploymentPostprocessing = 0;
			shellPath = /bin/sh;
			shellScript = "diff \"${PODS_ROOT}/../Podfile.lock\" \"${PODS_ROOT}/Manifest.lock\" > /dev/null\nif [ $? != 0 ] ; then\n    # print error to STDERR\n    echo \"error: The sandbox is not in sync with the Podfile.lock. Run 'pod install' or update your CocoaPods installation.\" >&2\n    exit 1\nfi\n";
			showEnvVarsInLog = 0;
		};
		74D28421F0C8FA3F2AEC16D2 /* [CP] Check Pods Manifest.lock */ = {
			isa = PBXShellScriptBuildPhase;
			buildActionMask = 2147483647;
			files = (
			);
			inputPaths = (
			);
			name = "[CP] Check Pods Manifest.lock";
			outputPaths = (
			);
			runOnlyForDeploymentPostprocessing = 0;
			shellPath = /bin/sh;
			shellScript = "diff \"${PODS_ROOT}/../Podfile.lock\" \"${PODS_ROOT}/Manifest.lock\" > /dev/null\nif [ $? != 0 ] ; then\n    # print error to STDERR\n    echo \"error: The sandbox is not in sync with the Podfile.lock. Run 'pod install' or update your CocoaPods installation.\" >&2\n    exit 1\nfi\n";
			showEnvVarsInLog = 0;
		};
		CE38C75C63FBAB6B31C70540 /* [CP] Embed Pods Frameworks */ = {
			isa = PBXShellScriptBuildPhase;
			buildActionMask = 2147483647;
			files = (
			);
			inputPaths = (
			);
			name = "[CP] Embed Pods Frameworks";
			outputPaths = (
			);
			runOnlyForDeploymentPostprocessing = 0;
			shellPath = /bin/sh;
			shellScript = "\"${SRCROOT}/Pods/Target Support Files/Pods-TwitterDemo/Pods-TwitterDemo-frameworks.sh\"\n";
			showEnvVarsInLog = 0;
		};
		D01D25A108BCC62E2C1AD460 /* [CP] Embed Pods Frameworks */ = {
			isa = PBXShellScriptBuildPhase;
			buildActionMask = 2147483647;
			files = (
			);
			inputPaths = (
			);
			name = "[CP] Embed Pods Frameworks";
			outputPaths = (
			);
			runOnlyForDeploymentPostprocessing = 0;
			shellPath = /bin/sh;
			shellScript = "\"${SRCROOT}/Pods/Target Support Files/Pods-TwitterDemoUITests/Pods-TwitterDemoUITests-frameworks.sh\"\n";
			showEnvVarsInLog = 0;
		};
/* End PBXShellScriptBuildPhase section */

/* Begin PBXSourcesBuildPhase section */
		472E1D201E64D95D00340005 /* Sources */ = {
			isa = PBXSourcesBuildPhase;
			buildActionMask = 2147483647;
			files = (
				472E1D2A1E64D95E00340005 /* ViewController.swift in Sources */,
				472E1D281E64D95E00340005 /* AppDelegate.swift in Sources */,
			);
			runOnlyForDeploymentPostprocessing = 0;
		};
		472E1D341E64D95E00340005 /* Sources */ = {
			isa = PBXSourcesBuildPhase;
			buildActionMask = 2147483647;
			files = (
				472E1D3D1E64D95E00340005 /* TwitterDemoTests.swift in Sources */,
			);
			runOnlyForDeploymentPostprocessing = 0;
		};
		472E1D3F1E64D95E00340005 /* Sources */ = {
			isa = PBXSourcesBuildPhase;
			buildActionMask = 2147483647;
			files = (
				472E1D481E64D95E00340005 /* TwitterDemoUITests.swift in Sources */,
			);
			runOnlyForDeploymentPostprocessing = 0;
		};
/* End PBXSourcesBuildPhase section */

/* Begin PBXTargetDependency section */
		472E1D3A1E64D95E00340005 /* PBXTargetDependency */ = {
			isa = PBXTargetDependency;
			target = 472E1D231E64D95D00340005 /* TwitterDemo */;
			targetProxy = 472E1D391E64D95E00340005 /* PBXContainerItemProxy */;
		};
		472E1D451E64D95E00340005 /* PBXTargetDependency */ = {
			isa = PBXTargetDependency;
			target = 472E1D231E64D95D00340005 /* TwitterDemo */;
			targetProxy = 472E1D441E64D95E00340005 /* PBXContainerItemProxy */;
		};
/* End PBXTargetDependency section */

/* Begin PBXVariantGroup section */
		472E1D2B1E64D95E00340005 /* Main.storyboard */ = {
			isa = PBXVariantGroup;
			children = (
				472E1D2C1E64D95E00340005 /* Base */,
			);
			name = Main.storyboard;
			sourceTree = "<group>";
		};
		472E1D301E64D95E00340005 /* LaunchScreen.storyboard */ = {
			isa = PBXVariantGroup;
			children = (
				472E1D311E64D95E00340005 /* Base */,
			);
			name = LaunchScreen.storyboard;
			sourceTree = "<group>";
		};
/* End PBXVariantGroup section */

/* Begin XCBuildConfiguration section */
		472E1D4A1E64D95E00340005 /* Debug */ = {
			isa = XCBuildConfiguration;
			buildSettings = {
				ALWAYS_SEARCH_USER_PATHS = NO;
				CLANG_ANALYZER_NONNULL = YES;
				CLANG_CXX_LANGUAGE_STANDARD = "gnu++0x";
				CLANG_CXX_LIBRARY = "libc++";
				CLANG_ENABLE_MODULES = YES;
				CLANG_ENABLE_OBJC_ARC = YES;
				CLANG_WARN_BOOL_CONVERSION = YES;
				CLANG_WARN_CONSTANT_CONVERSION = YES;
				CLANG_WARN_DIRECT_OBJC_ISA_USAGE = YES_ERROR;
				CLANG_WARN_DOCUMENTATION_COMMENTS = YES;
				CLANG_WARN_EMPTY_BODY = YES;
				CLANG_WARN_ENUM_CONVERSION = YES;
				CLANG_WARN_INFINITE_RECURSION = YES;
				CLANG_WARN_INT_CONVERSION = YES;
				CLANG_WARN_OBJC_ROOT_CLASS = YES_ERROR;
				CLANG_WARN_SUSPICIOUS_MOVE = YES;
				CLANG_WARN_UNREACHABLE_CODE = YES;
				CLANG_WARN__DUPLICATE_METHOD_MATCH = YES;
				"CODE_SIGN_IDENTITY[sdk=iphoneos*]" = "iPhone Developer";
				COPY_PHASE_STRIP = NO;
				DEBUG_INFORMATION_FORMAT = dwarf;
				ENABLE_STRICT_OBJC_MSGSEND = YES;
				ENABLE_TESTABILITY = YES;
				GCC_C_LANGUAGE_STANDARD = gnu99;
				GCC_DYNAMIC_NO_PIC = NO;
				GCC_NO_COMMON_BLOCKS = YES;
				GCC_OPTIMIZATION_LEVEL = 0;
				GCC_PREPROCESSOR_DEFINITIONS = (
					"DEBUG=1",
					"$(inherited)",
				);
				GCC_WARN_64_TO_32_BIT_CONVERSION = YES;
				GCC_WARN_ABOUT_RETURN_TYPE = YES_ERROR;
				GCC_WARN_UNDECLARED_SELECTOR = YES;
				GCC_WARN_UNINITIALIZED_AUTOS = YES_AGGRESSIVE;
				GCC_WARN_UNUSED_FUNCTION = YES;
				GCC_WARN_UNUSED_VARIABLE = YES;
				IPHONEOS_DEPLOYMENT_TARGET = 10.2;
				MTL_ENABLE_DEBUG_INFO = YES;
				ONLY_ACTIVE_ARCH = YES;
				SDKROOT = iphoneos;
				SWIFT_ACTIVE_COMPILATION_CONDITIONS = DEBUG;
				SWIFT_OPTIMIZATION_LEVEL = "-Onone";
				TARGETED_DEVICE_FAMILY = "1,2";
			};
			name = Debug;
		};
		472E1D4B1E64D95E00340005 /* Release */ = {
			isa = XCBuildConfiguration;
			buildSettings = {
				ALWAYS_SEARCH_USER_PATHS = NO;
				CLANG_ANALYZER_NONNULL = YES;
				CLANG_CXX_LANGUAGE_STANDARD = "gnu++0x";
				CLANG_CXX_LIBRARY = "libc++";
				CLANG_ENABLE_MODULES = YES;
				CLANG_ENABLE_OBJC_ARC = YES;
				CLANG_WARN_BOOL_CONVERSION = YES;
				CLANG_WARN_CONSTANT_CONVERSION = YES;
				CLANG_WARN_DIRECT_OBJC_ISA_USAGE = YES_ERROR;
				CLANG_WARN_DOCUMENTATION_COMMENTS = YES;
				CLANG_WARN_EMPTY_BODY = YES;
				CLANG_WARN_ENUM_CONVERSION = YES;
				CLANG_WARN_INFINITE_RECURSION = YES;
				CLANG_WARN_INT_CONVERSION = YES;
				CLANG_WARN_OBJC_ROOT_CLASS = YES_ERROR;
				CLANG_WARN_SUSPICIOUS_MOVE = YES;
				CLANG_WARN_UNREACHABLE_CODE = YES;
				CLANG_WARN__DUPLICATE_METHOD_MATCH = YES;
				"CODE_SIGN_IDENTITY[sdk=iphoneos*]" = "iPhone Developer";
				COPY_PHASE_STRIP = NO;
				DEBUG_INFORMATION_FORMAT = "dwarf-with-dsym";
				ENABLE_NS_ASSERTIONS = NO;
				ENABLE_STRICT_OBJC_MSGSEND = YES;
				GCC_C_LANGUAGE_STANDARD = gnu99;
				GCC_NO_COMMON_BLOCKS = YES;
				GCC_WARN_64_TO_32_BIT_CONVERSION = YES;
				GCC_WARN_ABOUT_RETURN_TYPE = YES_ERROR;
				GCC_WARN_UNDECLARED_SELECTOR = YES;
				GCC_WARN_UNINITIALIZED_AUTOS = YES_AGGRESSIVE;
				GCC_WARN_UNUSED_FUNCTION = YES;
				GCC_WARN_UNUSED_VARIABLE = YES;
				IPHONEOS_DEPLOYMENT_TARGET = 10.2;
				MTL_ENABLE_DEBUG_INFO = NO;
				SDKROOT = iphoneos;
				SWIFT_OPTIMIZATION_LEVEL = "-Owholemodule";
				TARGETED_DEVICE_FAMILY = "1,2";
				VALIDATE_PRODUCT = YES;
			};
			name = Release;
		};
		472E1D4D1E64D95E00340005 /* Debug */ = {
			isa = XCBuildConfiguration;
			baseConfigurationReference = 80947D2F8652B5628C1C7488 /* Pods-TwitterDemo.debug.xcconfig */;
			buildSettings = {
				ASSETCATALOG_COMPILER_APPICON_NAME = AppIcon;
				DEVELOPMENT_TEAM = TSCDBQM29F;
				INFOPLIST_FILE = TwitterDemo/Info.plist;
				LD_RUNPATH_SEARCH_PATHS = "$(inherited) @executable_path/Frameworks";
				PRODUCT_BUNDLE_IDENTIFIER = com.arnav.TwitterDemo;
				PRODUCT_NAME = "$(TARGET_NAME)";
				SWIFT_VERSION = 3.0;
			};
			name = Debug;
		};
		472E1D4E1E64D95E00340005 /* Release */ = {
			isa = XCBuildConfiguration;
			baseConfigurationReference = 065CBEAFFC4FD7FB8EEC352C /* Pods-TwitterDemo.release.xcconfig */;
			buildSettings = {
				ASSETCATALOG_COMPILER_APPICON_NAME = AppIcon;
				DEVELOPMENT_TEAM = TSCDBQM29F;
				INFOPLIST_FILE = TwitterDemo/Info.plist;
				LD_RUNPATH_SEARCH_PATHS = "$(inherited) @executable_path/Frameworks";
				PRODUCT_BUNDLE_IDENTIFIER = com.arnav.TwitterDemo;
				PRODUCT_NAME = "$(TARGET_NAME)";
				SWIFT_VERSION = 3.0;
			};
			name = Release;
		};
		472E1D501E64D95E00340005 /* Debug */ = {
			isa = XCBuildConfiguration;
			baseConfigurationReference = 96900883B191E94F2DE33598 /* Pods-TwitterDemoTests.debug.xcconfig */;
			buildSettings = {
				ALWAYS_EMBED_SWIFT_STANDARD_LIBRARIES = YES;
				BUNDLE_LOADER = "$(TEST_HOST)";
				INFOPLIST_FILE = TwitterDemoTests/Info.plist;
				LD_RUNPATH_SEARCH_PATHS = "$(inherited) @executable_path/Frameworks @loader_path/Frameworks";
				PRODUCT_BUNDLE_IDENTIFIER = com.arnav.TwitterDemoTests;
				PRODUCT_NAME = "$(TARGET_NAME)";
				SWIFT_VERSION = 3.0;
				TEST_HOST = "$(BUILT_PRODUCTS_DIR)/TwitterDemo.app/TwitterDemo";
			};
			name = Debug;
		};
		472E1D511E64D95E00340005 /* Release */ = {
			isa = XCBuildConfiguration;
			baseConfigurationReference = 57A41D1292AD6B268CF45B69 /* Pods-TwitterDemoTests.release.xcconfig */;
			buildSettings = {
				ALWAYS_EMBED_SWIFT_STANDARD_LIBRARIES = YES;
				BUNDLE_LOADER = "$(TEST_HOST)";
				INFOPLIST_FILE = TwitterDemoTests/Info.plist;
				LD_RUNPATH_SEARCH_PATHS = "$(inherited) @executable_path/Frameworks @loader_path/Frameworks";
				PRODUCT_BUNDLE_IDENTIFIER = com.arnav.TwitterDemoTests;
				PRODUCT_NAME = "$(TARGET_NAME)";
				SWIFT_VERSION = 3.0;
				TEST_HOST = "$(BUILT_PRODUCTS_DIR)/TwitterDemo.app/TwitterDemo";
			};
			name = Release;
		};
		472E1D531E64D95E00340005 /* Debug */ = {
			isa = XCBuildConfiguration;
			baseConfigurationReference = AF1628BD9253F7C2951487B1 /* Pods-TwitterDemoUITests.debug.xcconfig */;
			buildSettings = {
				ALWAYS_EMBED_SWIFT_STANDARD_LIBRARIES = YES;
				INFOPLIST_FILE = TwitterDemoUITests/Info.plist;
				LD_RUNPATH_SEARCH_PATHS = "$(inherited) @executable_path/Frameworks @loader_path/Frameworks";
				PRODUCT_BUNDLE_IDENTIFIER = com.arnav.TwitterDemoUITests;
				PRODUCT_NAME = "$(TARGET_NAME)";
				SWIFT_VERSION = 3.0;
				TEST_TARGET_NAME = TwitterDemo;
			};
			name = Debug;
		};
		472E1D541E64D95E00340005 /* Release */ = {
			isa = XCBuildConfiguration;
			baseConfigurationReference = 356C8521BB176CC440536BD2 /* Pods-TwitterDemoUITests.release.xcconfig */;
			buildSettings = {
				ALWAYS_EMBED_SWIFT_STANDARD_LIBRARIES = YES;
				INFOPLIST_FILE = TwitterDemoUITests/Info.plist;
				LD_RUNPATH_SEARCH_PATHS = "$(inherited) @executable_path/Frameworks @loader_path/Frameworks";
				PRODUCT_BUNDLE_IDENTIFIER = com.arnav.TwitterDemoUITests;
				PRODUCT_NAME = "$(TARGET_NAME)";
				SWIFT_VERSION = 3.0;
				TEST_TARGET_NAME = TwitterDemo;
			};
			name = Release;
		};
/* End XCBuildConfiguration section */

/* Begin XCConfigurationList section */
		472E1D1F1E64D95D00340005 /* Build configuration list for PBXProject "TwitterDemo" */ = {
			isa = XCConfigurationList;
			buildConfigurations = (
				472E1D4A1E64D95E00340005 /* Debug */,
				472E1D4B1E64D95E00340005 /* Release */,
			);
			defaultConfigurationIsVisible = 0;
			defaultConfigurationName = Release;
		};
		472E1D4C1E64D95E00340005 /* Build configuration list for PBXNativeTarget "TwitterDemo" */ = {
			isa = XCConfigurationList;
			buildConfigurations = (
				472E1D4D1E64D95E00340005 /* Debug */,
				472E1D4E1E64D95E00340005 /* Release */,
			);
			defaultConfigurationIsVisible = 0;
		};
		472E1D4F1E64D95E00340005 /* Build configuration list for PBXNativeTarget "TwitterDemoTests" */ = {
			isa = XCConfigurationList;
			buildConfigurations = (
				472E1D501E64D95E00340005 /* Debug */,
				472E1D511E64D95E00340005 /* Release */,
			);
			defaultConfigurationIsVisible = 0;
		};
		472E1D521E64D95E00340005 /* Build configuration list for PBXNativeTarget "TwitterDemoUITests" */ = {
			isa = XCConfigurationList;
			buildConfigurations = (
				472E1D531E64D95E00340005 /* Debug */,
				472E1D541E64D95E00340005 /* Release */,
			);
			defaultConfigurationIsVisible = 0;
		};
/* End XCConfigurationList section */
	};
	rootObject = 472E1D1C1E64D95D00340005 /* Project object */;
}
